<Solution>
  <Project Path="1/1.csproj" />
  <Project Path="10/10.csproj" Id="0887a994-7220-43a6-bebc-36fd8acb0c89" />
  <Project Path="11/11.csproj" Id="b69c649c-d8df-4d53-94ab-d9e565483116" />
  <Project Path="2/2.csproj" />
  <Project Path="3/3.csproj" Id="7382a835-b7f6-4bc5-85bb-53c8be643d4a" />
  <Project Path="4/4.csproj" Id="853387f5-dc3c-41fc-8a03-4f476babde65" />
  <Project Path="6/6.csproj" Id="098521bd-99c8-4402-9da6-723b16ff32e6" />
  <Project Path="7/7.csproj" Id="07bcd8ef-1217-4dbb-8873-fb8982e00e6a" />
  <Project Path="8/8.csproj" Id="76549a51-4665-4253-947c-ab084b403509" />
  <Project Path="9/9.csproj" Id="baae2dab-c5c0-45ae-8b8e-3dbf2d7e81d7" />
  <Project Path="ConsoleApp1/5.csproj" Id="b8d392e9-4342-4722-96ec-a1d0a93b876f" />
</Solution>
